
Microsoft Visual Studio Solution File, Format Version 12.00
# Visual Studio Version 16
VisualStudioVersion = 16.0.29519.87
MinimumVisualStudioVersion = 10.0.40219.1
Project("{9A19103F-16F7-4668-BE54-9A1E7A4F7556}") = "IdentityServerSql", "IdentityServerSql.csproj", "{1EB0B177-258F-4625-85D4-C2DE127BD5AE}"
EndProject
Global
	GlobalSection(SolutionConfigurationPlatforms) = preSolution
		Debug|Any CPU = Debug|Any CPU
		Release|Any CPU = Release|Any CPU
	EndGlobalSection
	GlobalSection(ProjectConfigurationPlatforms) = postSolution
		{1EB0B177-258F-4625-85D4-C2DE127BD5AE}.Debug|Any CPU.ActiveCfg = Debug|Any CPU
		{1EB0B177-258F-4625-85D4-C2DE127BD5AE}.Debug|Any CPU.Build.0 = Debug|Any CPU
		{1EB0B177-258F-4625-85D4-C2DE127BD5AE}.Release|Any CPU.ActiveCfg = Release|Any CPU
		{1EB0B177-258F-4625-85D4-C2DE127BD5AE}.Release|Any CPU.Build.0 = Release|Any CPU
	EndGlobalSection
	GlobalSection(SolutionProperties) = preSolution
		HideSolutionNode = FALSE
	EndGlobalSection
	GlobalSection(ExtensibilityGlobals) = postSolution
		SolutionGuid = {B71CAAE6-51DC-4DE7-98D6-B283732CEE8E}
	EndGlobalSection
EndGlobal
